
Microsoft Visual Studio Solution File, Format Version 12.00
# Visual Studio Version 17
VisualStudioVersion = 17.7.34018.315
MinimumVisualStudioVersion = 10.0.40219.1
Project("{FAE04EC0-301F-11D3-BF4B-00C04F79EFBC}") = "uk.co.nfocus.samig.ecommerce.project", "uk.co.nfocus.samig.ecommerce.project.csproj", "{E4FBC8E1-73D4-4A5B-9D5D-F2CFBA6515BA}"
EndProject
Global
	GlobalSection(SolutionConfigurationPlatforms) = preSolution
		Debug|Any CPU = Debug|Any CPU
		Release|Any CPU = Release|Any CPU
	EndGlobalSection
	GlobalSection(ProjectConfigurationPlatforms) = postSolution
		{E4FBC8E1-73D4-4A5B-9D5D-F2CFBA6515BA}.Debug|Any CPU.ActiveCfg = Debug|Any CPU
		{E4FBC8E1-73D4-4A5B-9D5D-F2CFBA6515BA}.Debug|Any CPU.Build.0 = Debug|Any CPU
		{E4FBC8E1-73D4-4A5B-9D5D-F2CFBA6515BA}.Release|Any CPU.ActiveCfg = Release|Any CPU
		{E4FBC8E1-73D4-4A5B-9D5D-F2CFBA6515BA}.Release|Any CPU.Build.0 = Release|Any CPU
	EndGlobalSection
	GlobalSection(SolutionProperties) = preSolution
		HideSolutionNode = FALSE
	EndGlobalSection
	GlobalSection(ExtensibilityGlobals) = postSolution
		SolutionGuid = {552912C8-ED5D-44EF-84A9-E0FF604937C7}
	EndGlobalSection
EndGlobal
